
Microsoft Visual Studio Solution File, Format Version 12.00
# Visual Studio Version 17
VisualStudioVersion = 17.6.33829.357
MinimumVisualStudioVersion = 10.0.40219.1
Project("{FAE04EC0-301F-11D3-BF4B-00C04F79EFBC}") = "Atividade 17", "Atividade 17\Atividade 17.csproj", "{EC960F2E-E1E4-4286-96AD-580C3EBFDDDA}"
EndProject
Global
	GlobalSection(SolutionConfigurationPlatforms) = preSolution
		Debug|Any CPU = Debug|Any CPU
		Release|Any CPU = Release|Any CPU
	EndGlobalSection
	GlobalSection(ProjectConfigurationPlatforms) = postSolution
		{EC960F2E-E1E4-4286-96AD-580C3EBFDDDA}.Debug|Any CPU.ActiveCfg = Debug|Any CPU
		{EC960F2E-E1E4-4286-96AD-580C3EBFDDDA}.Debug|Any CPU.Build.0 = Debug|Any CPU
		{EC960F2E-E1E4-4286-96AD-580C3EBFDDDA}.Release|Any CPU.ActiveCfg = Release|Any CPU
		{EC960F2E-E1E4-4286-96AD-580C3EBFDDDA}.Release|Any CPU.Build.0 = Release|Any CPU
	EndGlobalSection
	GlobalSection(SolutionProperties) = preSolution
		HideSolutionNode = FALSE
	EndGlobalSection
	GlobalSection(ExtensibilityGlobals) = postSolution
		SolutionGuid = {A63D10FB-1A80-4E32-A9A8-8D8A3F93E48F}
	EndGlobalSection
EndGlobal
